
Microsoft Visual Studio Solution File, Format Version 12.00
# Visual Studio Version 17
VisualStudioVersion = 17.0.31903.59
MinimumVisualStudioVersion = 10.0.40219.1
Project("{FAE04EC0-301F-11D3-BF4B-00C04F79EFBC}") = "Ato.Copilot.Mcp", "src\Ato.Copilot.Mcp\Ato.Copilot.Mcp.csproj", "{A1B2C3D4-E5F6-7890-ABCD-EF1234567890}"
EndProject
Project("{FAE04EC0-301F-11D3-BF4B-00C04F79EFBC}") = "Ato.Copilot.Agents", "src\Ato.Copilot.Agents\Ato.Copilot.Agents.csproj", "{B2C3D4E5-F6A7-8901-BCDE-F12345678901}"
EndProject
Project("{FAE04EC0-301F-11D3-BF4B-00C04F79EFBC}") = "Ato.Copilot.Core", "src\Ato.Copilot.Core\Ato.Copilot.Core.csproj", "{C3D4E5F6-A7B8-9012-CDEF-123456789012}"
EndProject
Project("{FAE04EC0-301F-11D3-BF4B-00C04F79EFBC}") = "Ato.Copilot.State", "src\Ato.Copilot.State\Ato.Copilot.State.csproj", "{D4E5F6A7-B8C9-0123-DEF0-234567890123}"
EndProject
Project("{FAE04EC0-301F-11D3-BF4B-00C04F79EFBC}") = "Ato.Copilot.Tests.Unit", "tests\Ato.Copilot.Tests.Unit\Ato.Copilot.Tests.Unit.csproj", "{E5F6A7B8-C9D0-1234-EF01-345678901234}"
EndProject
Project("{2150E333-8FDC-42A3-9474-1A3956D46DE8}") = "tests", "tests", "{0AB3BF05-4346-4AA6-1389-037BE0695223}"
EndProject
Project("{FAE04EC0-301F-11D3-BF4B-00C04F79EFBC}") = "Ato.Copilot.Tests.Integration", "tests\Ato.Copilot.Tests.Integration\Ato.Copilot.Tests.Integration.csproj", "{B7C38088-3649-4A91-A217-58034435DCB0}"
EndProject
Project("{2150E333-8FDC-42A3-9474-1A3956D46DE8}") = "src", "src", "{827E0CD3-B72D-47B6-A68D-7590B98EB39B}"
EndProject
Project("{FAE04EC0-301F-11D3-BF4B-00C04F79EFBC}") = "Ato.Copilot.Chat", "src\Ato.Copilot.Chat\Ato.Copilot.Chat.csproj", "{BFD10426-A1CF-45DD-97C3-E2ED25E4897D}"
EndProject
Project("{FAE04EC0-301F-11D3-BF4B-00C04F79EFBC}") = "Ato.Copilot.Channels", "src\Ato.Copilot.Channels\Ato.Copilot.Channels.csproj", "{2F9355A9-C009-4DFB-A42D-6E0F03D7CDF6}"
EndProject
Project("{FAE04EC0-301F-11D3-BF4B-00C04F79EFBC}") = "Ato.Copilot.Cli", "src\Ato.Copilot.Cli\Ato.Copilot.Cli.csproj", "{2795E015-F5F2-47EB-8C1F-3D0C1FB99346}"
EndProject
Global
	GlobalSection(SolutionConfigurationPlatforms) = preSolution
		Debug|Any CPU = Debug|Any CPU
		Debug|x64 = Debug|x64
		Debug|x86 = Debug|x86
		Release|Any CPU = Release|Any CPU
		Release|x64 = Release|x64
		Release|x86 = Release|x86
	EndGlobalSection
	GlobalSection(ProjectConfigurationPlatforms) = postSolution
		{A1B2C3D4-E5F6-7890-ABCD-EF1234567890}.Debug|Any CPU.ActiveCfg = Debug|Any CPU
		{A1B2C3D4-E5F6-7890-ABCD-EF1234567890}.Debug|Any CPU.Build.0 = Debug|Any CPU
		{A1B2C3D4-E5F6-7890-ABCD-EF1234567890}.Debug|x64.ActiveCfg = Debug|Any CPU
		{A1B2C3D4-E5F6-7890-ABCD-EF1234567890}.Debug|x64.Build.0 = Debug|Any CPU
		{A1B2C3D4-E5F6-7890-ABCD-EF1234567890}.Debug|x86.ActiveCfg = Debug|Any CPU
		{A1B2C3D4-E5F6-7890-ABCD-EF1234567890}.Debug|x86.Build.0 = Debug|Any CPU
		{A1B2C3D4-E5F6-7890-ABCD-EF1234567890}.Release|Any CPU.ActiveCfg = Release|Any CPU
		{A1B2C3D4-E5F6-7890-ABCD-EF1234567890}.Release|Any CPU.Build.0 = Release|Any CPU
		{A1B2C3D4-E5F6-7890-ABCD-EF1234567890}.Release|x64.ActiveCfg = Release|Any CPU
		{A1B2C3D4-E5F6-7890-ABCD-EF1234567890}.Release|x64.Build.0 = Release|Any CPU
		{A1B2C3D4-E5F6-7890-ABCD-EF1234567890}.Release|x86.ActiveCfg = Release|Any CPU
		{A1B2C3D4-E5F6-7890-ABCD-EF1234567890}.Release|x86.Build.0 = Release|Any CPU
		{B2C3D4E5-F6A7-8901-BCDE-F12345678901}.Debug|Any CPU.ActiveCfg = Debug|Any CPU
		{B2C3D4E5-F6A7-8901-BCDE-F12345678901}.Debug|Any CPU.Build.0 = Debug|Any CPU
		{B2C3D4E5-F6A7-8901-BCDE-F12345678901}.Debug|x64.ActiveCfg = Debug|Any CPU
		{B2C3D4E5-F6A7-8901-BCDE-F12345678901}.Debug|x64.Build.0 = Debug|Any CPU
		{B2C3D4E5-F6A7-8901-BCDE-F12345678901}.Debug|x86.ActiveCfg = Debug|Any CPU
		{B2C3D4E5-F6A7-8901-BCDE-F12345678901}.Debug|x86.Build.0 = Debug|Any CPU
		{B2C3D4E5-F6A7-8901-BCDE-F12345678901}.Release|Any CPU.ActiveCfg = Release|Any CPU
		{B2C3D4E5-F6A7-8901-BCDE-F12345678901}.Release|Any CPU.Build.0 = Release|Any CPU
		{B2C3D4E5-F6A7-8901-BCDE-F12345678901}.Release|x64.ActiveCfg = Release|Any CPU
		{B2C3D4E5-F6A7-8901-BCDE-F12345678901}.Release|x64.Build.0 = Release|Any CPU
		{B2C3D4E5-F6A7-8901-BCDE-F12345678901}.Release|x86.ActiveCfg = Release|Any CPU
		{B2C3D4E5-F6A7-8901-BCDE-F12345678901}.Release|x86.Build.0 = Release|Any CPU
		{C3D4E5F6-A7B8-9012-CDEF-123456789012}.Debug|Any CPU.ActiveCfg = Debug|Any CPU
		{C3D4E5F6-A7B8-9012-CDEF-123456789012}.Debug|Any CPU.Build.0 = Debug|Any CPU
		{C3D4E5F6-A7B8-9012-CDEF-123456789012}.Debug|x64.ActiveCfg = Debug|Any CPU
		{C3D4E5F6-A7B8-9012-CDEF-123456789012}.Debug|x64.Build.0 = Debug|Any CPU
		{C3D4E5F6-A7B8-9012-CDEF-123456789012}.Debug|x86.ActiveCfg = Debug|Any CPU
		{C3D4E5F6-A7B8-9012-CDEF-123456789012}.Debug|x86.Build.0 = Debug|Any CPU
		{C3D4E5F6-A7B8-9012-CDEF-123456789012}.Release|Any CPU.ActiveCfg = Release|Any CPU
		{C3D4E5F6-A7B8-9012-CDEF-123456789012}.Release|Any CPU.Build.0 = Release|Any CPU
		{C3D4E5F6-A7B8-9012-CDEF-123456789012}.Release|x64.ActiveCfg = Release|Any CPU
		{C3D4E5F6-A7B8-9012-CDEF-123456789012}.Release|x64.Build.0 = Release|Any CPU
		{C3D4E5F6-A7B8-9012-CDEF-123456789012}.Release|x86.ActiveCfg = Release|Any CPU
		{C3D4E5F6-A7B8-9012-CDEF-123456789012}.Release|x86.Build.0 = Release|Any CPU
		{D4E5F6A7-B8C9-0123-DEF0-234567890123}.Debug|Any CPU.ActiveCfg = Debug|Any CPU
		{D4E5F6A7-B8C9-0123-DEF0-234567890123}.Debug|Any CPU.Build.0 = Debug|Any CPU
		{D4E5F6A7-B8C9-0123-DEF0-234567890123}.Debug|x64.ActiveCfg = Debug|Any CPU
		{D4E5F6A7-B8C9-0123-DEF0-234567890123}.Debug|x64.Build.0 = Debug|Any CPU
		{D4E5F6A7-B8C9-0123-DEF0-234567890123}.Debug|x86.ActiveCfg = Debug|Any CPU
		{D4E5F6A7-B8C9-0123-DEF0-234567890123}.Debug|x86.Build.0 = Debug|Any CPU
		{D4E5F6A7-B8C9-0123-DEF0-234567890123}.Release|Any CPU.ActiveCfg = Release|Any CPU
		{D4E5F6A7-B8C9-0123-DEF0-234567890123}.Release|Any CPU.Build.0 = Release|Any CPU
		{D4E5F6A7-B8C9-0123-DEF0-234567890123}.Release|x64.ActiveCfg = Release|Any CPU
		{D4E5F6A7-B8C9-0123-DEF0-234567890123}.Release|x64.Build.0 = Release|Any CPU
		{D4E5F6A7-B8C9-0123-DEF0-234567890123}.Release|x86.ActiveCfg = Release|Any CPU
		{D4E5F6A7-B8C9-0123-DEF0-234567890123}.Release|x86.Build.0 = Release|Any CPU
		{E5F6A7B8-C9D0-1234-EF01-345678901234}.Debug|Any CPU.ActiveCfg = Debug|Any CPU
		{E5F6A7B8-C9D0-1234-EF01-345678901234}.Debug|Any CPU.Build.0 = Debug|Any CPU
		{E5F6A7B8-C9D0-1234-EF01-345678901234}.Debug|x64.ActiveCfg = Debug|Any CPU
		{E5F6A7B8-C9D0-1234-EF01-345678901234}.Debug|x64.Build.0 = Debug|Any CPU
		{E5F6A7B8-C9D0-1234-EF01-345678901234}.Debug|x86.ActiveCfg = Debug|Any CPU
		{E5F6A7B8-C9D0-1234-EF01-345678901234}.Debug|x86.Build.0 = Debug|Any CPU
		{E5F6A7B8-C9D0-1234-EF01-345678901234}.Release|Any CPU.ActiveCfg = Release|Any CPU
		{E5F6A7B8-C9D0-1234-EF01-345678901234}.Release|Any CPU.Build.0 = Release|Any CPU
		{E5F6A7B8-C9D0-1234-EF01-345678901234}.Release|x64.ActiveCfg = Release|Any CPU
		{E5F6A7B8-C9D0-1234-EF01-345678901234}.Release|x64.Build.0 = Release|Any CPU
		{E5F6A7B8-C9D0-1234-EF01-345678901234}.Release|x86.ActiveCfg = Release|Any CPU
		{E5F6A7B8-C9D0-1234-EF01-345678901234}.Release|x86.Build.0 = Release|Any CPU
		{B7C38088-3649-4A91-A217-58034435DCB0}.Debug|Any CPU.ActiveCfg = Debug|Any CPU
		{B7C38088-3649-4A91-A217-58034435DCB0}.Debug|Any CPU.Build.0 = Debug|Any CPU
		{B7C38088-3649-4A91-A217-58034435DCB0}.Debug|x64.ActiveCfg = Debug|Any CPU
		{B7C38088-3649-4A91-A217-58034435DCB0}.Debug|x64.Build.0 = Debug|Any CPU
		{B7C38088-3649-4A91-A217-58034435DCB0}.Debug|x86.ActiveCfg = Debug|Any CPU
		{B7C38088-3649-4A91-A217-58034435DCB0}.Debug|x86.Build.0 = Debug|Any CPU
		{B7C38088-3649-4A91-A217-58034435DCB0}.Release|Any CPU.ActiveCfg = Release|Any CPU
		{B7C38088-3649-4A91-A217-58034435DCB0}.Release|Any CPU.Build.0 = Release|Any CPU
		{B7C38088-3649-4A91-A217-58034435DCB0}.Release|x64.ActiveCfg = Release|Any CPU
		{B7C38088-3649-4A91-A217-58034435DCB0}.Release|x64.Build.0 = Release|Any CPU
		{B7C38088-3649-4A91-A217-58034435DCB0}.Release|x86.ActiveCfg = Release|Any CPU
		{B7C38088-3649-4A91-A217-58034435DCB0}.Release|x86.Build.0 = Release|Any CPU
		{BFD10426-A1CF-45DD-97C3-E2ED25E4897D}.Debug|Any CPU.ActiveCfg = Debug|Any CPU
		{BFD10426-A1CF-45DD-97C3-E2ED25E4897D}.Debug|Any CPU.Build.0 = Debug|Any CPU
		{BFD10426-A1CF-45DD-97C3-E2ED25E4897D}.Debug|x64.ActiveCfg = Debug|Any CPU
		{BFD10426-A1CF-45DD-97C3-E2ED25E4897D}.Debug|x64.Build.0 = Debug|Any CPU
		{BFD10426-A1CF-45DD-97C3-E2ED25E4897D}.Debug|x86.ActiveCfg = Debug|Any CPU
		{BFD10426-A1CF-45DD-97C3-E2ED25E4897D}.Debug|x86.Build.0 = Debug|Any CPU
		{BFD10426-A1CF-45DD-97C3-E2ED25E4897D}.Release|Any CPU.ActiveCfg = Release|Any CPU
		{BFD10426-A1CF-45DD-97C3-E2ED25E4897D}.Release|Any CPU.Build.0 = Release|Any CPU
		{BFD10426-A1CF-45DD-97C3-E2ED25E4897D}.Release|x64.ActiveCfg = Release|Any CPU
		{BFD10426-A1CF-45DD-97C3-E2ED25E4897D}.Release|x64.Build.0 = Release|Any CPU
		{BFD10426-A1CF-45DD-97C3-E2ED25E4897D}.Release|x86.ActiveCfg = Release|Any CPU
		{BFD10426-A1CF-45DD-97C3-E2ED25E4897D}.Release|x86.Build.0 = Release|Any CPU
		{2F9355A9-C009-4DFB-A42D-6E0F03D7CDF6}.Debug|Any CPU.ActiveCfg = Debug|Any CPU
		{2F9355A9-C009-4DFB-A42D-6E0F03D7CDF6}.Debug|Any CPU.Build.0 = Debug|Any CPU
		{2F9355A9-C009-4DFB-A42D-6E0F03D7CDF6}.Debug|x64.ActiveCfg = Debug|Any CPU
		{2F9355A9-C009-4DFB-A42D-6E0F03D7CDF6}.Debug|x64.Build.0 = Debug|Any CPU
		{2F9355A9-C009-4DFB-A42D-6E0F03D7CDF6}.Debug|x86.ActiveCfg = Debug|Any CPU
		{2F9355A9-C009-4DFB-A42D-6E0F03D7CDF6}.Debug|x86.Build.0 = Debug|Any CPU
		{2F9355A9-C009-4DFB-A42D-6E0F03D7CDF6}.Release|Any CPU.ActiveCfg = Release|Any CPU
		{2F9355A9-C009-4DFB-A42D-6E0F03D7CDF6}.Release|Any CPU.Build.0 = Release|Any CPU
		{2F9355A9-C009-4DFB-A42D-6E0F03D7CDF6}.Release|x64.ActiveCfg = Release|Any CPU
		{2F9355A9-C009-4DFB-A42D-6E0F03D7CDF6}.Release|x64.Build.0 = Release|Any CPU
		{2F9355A9-C009-4DFB-A42D-6E0F03D7CDF6}.Release|x86.ActiveCfg = Release|Any CPU
		{2F9355A9-C009-4DFB-A42D-6E0F03D7CDF6}.Release|x86.Build.0 = Release|Any CPU
		{2795E015-F5F2-47EB-8C1F-3D0C1FB99346}.Debug|Any CPU.ActiveCfg = Debug|Any CPU
		{2795E015-F5F2-47EB-8C1F-3D0C1FB99346}.Debug|Any CPU.Build.0 = Debug|Any CPU
		{2795E015-F5F2-47EB-8C1F-3D0C1FB99346}.Debug|x64.ActiveCfg = Debug|Any CPU
		{2795E015-F5F2-47EB-8C1F-3D0C1FB99346}.Debug|x64.Build.0 = Debug|Any CPU
		{2795E015-F5F2-47EB-8C1F-3D0C1FB99346}.Debug|x86.ActiveCfg = Debug|Any CPU
		{2795E015-F5F2-47EB-8C1F-3D0C1FB99346}.Debug|x86.Build.0 = Debug|Any CPU
		{2795E015-F5F2-47EB-8C1F-3D0C1FB99346}.Release|Any CPU.ActiveCfg = Release|Any CPU
		{2795E015-F5F2-47EB-8C1F-3D0C1FB99346}.Release|Any CPU.Build.0 = Release|Any CPU
		{2795E015-F5F2-47EB-8C1F-3D0C1FB99346}.Release|x64.ActiveCfg = Release|Any CPU
		{2795E015-F5F2-47EB-8C1F-3D0C1FB99346}.Release|x64.Build.0 = Release|Any CPU
		{2795E015-F5F2-47EB-8C1F-3D0C1FB99346}.Release|x86.ActiveCfg = Release|Any CPU
		{2795E015-F5F2-47EB-8C1F-3D0C1FB99346}.Release|x86.Build.0 = Release|Any CPU
	EndGlobalSection
	GlobalSection(SolutionProperties) = preSolution
		HideSolutionNode = FALSE
	EndGlobalSection
	GlobalSection(NestedProjects) = preSolution
		{B7C38088-3649-4A91-A217-58034435DCB0} = {0AB3BF05-4346-4AA6-1389-037BE0695223}
		{BFD10426-A1CF-45DD-97C3-E2ED25E4897D} = {827E0CD3-B72D-47B6-A68D-7590B98EB39B}
		{2F9355A9-C009-4DFB-A42D-6E0F03D7CDF6} = {827E0CD3-B72D-47B6-A68D-7590B98EB39B}
		{2795E015-F5F2-47EB-8C1F-3D0C1FB99346} = {827E0CD3-B72D-47B6-A68D-7590B98EB39B}
	EndGlobalSection
EndGlobal
